#MicroXplorer Configuration settings - do not modify
Mcu.Family=STM32F1
ProjectManager.MainLocation=Core/Src
RCC.MCOFreq_Value=64000000
PCC.Series=STM32F1
USART2.IPParameters=VirtualMode,BaudRate
ProjectManager.KeepUserCode=true
Mcu.UserName=STM32F103C8Tx
SPI2.VirtualType=VM_MASTER
PB10.Mode=I2C
PCC.Seq0.Step0.CPU_Frequency=64 MHz
TIM1.IPParameters=AutoReloadPreload,OCMode_1,TIM_MasterOutputTrigger,Channel-Output Compare1 No Output,Prescaler
PCC.Seq0.Step0.User's_Consumption=0 mA
RCC.PLLCLKFreq_Value=64000000
VP_IWDG_VS_IWDG.Mode=IWDG_Activate
PA12.GPIOParameters=GPIO_Speed,PinState,GPIO_Label
ProjectManager.functionlistsort=1-MX_GPIO_Init-GPIO-false-HAL-true,2-MX_DMA_Init-DMA-false-HAL-true,3-SystemClock_Config-RCC-false-HAL-false,4-MX_USART1_UART_Init-USART1-false-HAL-true,5-MX_I2C1_Init-I2C1-false-HAL-true,6-MX_SPI2_Init-SPI2-false-HAL-true,7-MX_IWDG_Init-IWDG-false-HAL-true,8-MX_I2C2_Init-I2C2-false-HAL-true,9-MX_USART2_UART_Init-USART2-false-HAL-true,10-MX_ADC1_Init-ADC1-false-HAL-true,11-MX_TIM1_Init-TIM1-false-HAL-true
RCC.ADCFreqValue=8000000
PA6.GPIO_Label=PULSE_GM
NVIC.TIM1_UP_IRQn=true\:0\:0\:false\:false\:true\:true\:true
USART1.IPParameters=VirtualMode
PCC.Seq0.Step1.Duration=0.9 ms
PB11.Signal=I2C2_SDA
PB15.Signal=SPI2_MOSI
PB13.Signal=SPI2_SCK
PinOutPanel.RotationAngle=0
RCC.SYSCLKSource=RCC_SYSCLKSOURCE_PLLCLK
ProjectManager.StackSize=0x400
VP_TIM1_VS_no_output1.Mode=Output Compare1 No Output
Mcu.IP4=IWDG
Mcu.IP5=NVIC
RCC.FCLKCortexFreq_Value=64000000
Mcu.IP2=I2C1
I2C1.IPParameters=ClockSpeed,I2C_Mode
NVIC.SVCall_IRQn=true\:0\:0\:false\:false\:true\:false\:false
PCC.Seq0.Step1.Oscillator=Regulator_LP
Mcu.IP3=I2C2
Mcu.IP0=ADC1
PA15.GPIO_Label=POWER_PULSE
PA12.Locked=true
Mcu.IP1=DMA
PA12.Signal=GPIO_Output
TIM1.Prescaler=5
SPI2.CLKPolarity=SPI_POLARITY_LOW
PCC.PartNumber=STM32F103C8Tx
Mcu.UserConstants=
I2C1.ClockSpeed=40000
Mcu.ThirdPartyNb=0
RCC.HCLKFreq_Value=64000000
Mcu.IPNb=12
ProjectManager.PreviousToolchain=
RCC.APB2TimFreq_Value=64000000
PB6.Signal=USART1_TX
Dma.ADC1.0.Direction=DMA_PERIPH_TO_MEMORY
PCC.Seq0.Step1.TaMax=105
PB6.Mode=Asynchronous
PA8.GPIOParameters=GPIO_Label
Mcu.Pin6=PB12
Mcu.Pin7=PB13
Mcu.Pin8=PB14
Mcu.Pin9=PB15
PCC.Seq0.Step1.Category=In DS Table
Dma.ADC1.0.MemDataAlignment=DMA_MDATAALIGN_HALFWORD
RCC.AHBFreq_Value=64000000
SPI2.BaudRatePrescaler=SPI_BAUDRATEPRESCALER_2
Mcu.Pin0=PA2
Mcu.Pin1=PA3
GPIO.groupedBy=Group By Peripherals
Mcu.Pin2=PA5
Mcu.Pin3=PA6
Mcu.Pin4=PB10
Mcu.Pin5=PB11
PA12.PinState=GPIO_PIN_RESET
ADC1.Channel-0\#ChannelRegularConversion=ADC_CHANNEL_5
ProjectManager.ProjectBuild=false
NVIC.UsageFault_IRQn=true\:0\:0\:false\:false\:true\:false\:false
NVIC.DebugMonitor_IRQn=true\:0\:0\:false\:false\:true\:false\:false
PCC.Seq0.Step1.Vdd=3.3
PA8.Locked=true
PCC.Seq0.Step0.Voltage_Source=Battery
Mcu.IP10=USART1
PCC.Seq0.Step0.DMIPS=61.0
NVIC.SysTick_IRQn=true\:0\:0\:false\:false\:true\:false\:true
RCC.PLLMUL=RCC_PLL_MUL16
Mcu.IP11=USART2
PB12.GPIO_Label=Eth_CS
ProjectManager.FirmwarePackage=STM32Cube FW_F1 V1.8.4
MxDb.Version=DB.6.0.21
PA6.GPIO_PuPd=GPIO_PULLUP
ProjectManager.BackupPrevious=false
VP_TIM1_VS_no_output1.Signal=TIM1_VS_no_output1
PB14.Mode=Full_Duplex_Master
Dma.ADC1.0.PeriphInc=DMA_PINC_DISABLE
File.Version=6
SPI2.CalculateBaudRate=16.0 MBits/s
PB7.Signal=USART1_RX
PA8.Signal=GPIO_Output
NVIC.PendSV_IRQn=true\:0\:0\:false\:false\:true\:false\:false
Dma.RequestsNb=1
ProjectManager.HalAssertFull=false
VP_TIM1_VS_ClockSourceINT.Mode=Internal
ADC1.SamplingTime-0\#ChannelRegularConversion=ADC_SAMPLETIME_7CYCLES_5
ProjectManager.ProjectName=Meteostation
RCC.PLLMCOFreq_Value=32000000
PCC.Seq0.Step0.Oscillator=HSI PLL
Mcu.Package=LQFP48
PB9.Signal=I2C1_SDA
PA6.Signal=GPXTI6
PA5.Locked=true
SPI2.Mode=SPI_MODE_MASTER
USART2.VirtualMode=VM_ASYNC
ProjectManager.ToolChainLocation=
PCC.Seq0.Step1.Average_Current=14 \u00B5A
VP_SYS_VS_Systick.Signal=SYS_VS_Systick
PA15.Signal=GPIO_Output
PCC.Checker=false
PA5.GPIOParameters=GPIO_Label
SPI2.CLKPhase=SPI_PHASE_1EDGE
PCC.Seq0.Step0.Duration=0.1 ms
PCC.Seq0.Step1.DMIPS=0.0
RCC.APB1TimFreq_Value=64000000
NVIC.BusFault_IRQn=true\:0\:0\:false\:false\:true\:false\:false
PCC.Seq0.Step0.Peripherals=
SPI2.Direction=SPI_DIRECTION_2LINES
PB13.Mode=Full_Duplex_Master
Dma.Request0=ADC1
PCC.Seq0.Step1.Mode=STOP
ProjectManager.CustomerFirmwarePackage=
PA12.GPIO_Speed=GPIO_SPEED_FREQ_HIGH
PA3.Signal=USART2_RX
PCC.Seq0.Step1.CPU_Frequency=0 Hz
PCC.Seq0.Step1.Memory=n/a
PA6.GPIOParameters=GPIO_PuPd,GPIO_Label,GPIO_ModeDefaultEXTI
PCC.Seq0.Step0.Category=In DS Table
ProjectManager.ProjectFileName=Meteostation.ioc
PA6.GPIO_ModeDefaultEXTI=GPIO_MODE_IT_RISING
Dma.ADC1.0.Instance=DMA1_Channel1
PB8.GPIOParameters=GPIO_Label
ADC1.Rank-0\#ChannelRegularConversion=1
PB9.GPIO_Label=BME280_SDA
PA15.GPIOParameters=GPIO_Speed,GPIO_Label
Mcu.PinsNb=22
PCC.Seq0.Step0.Average_Current=23.9 mA
PCC.Vdd=3.3
ProjectManager.NoMain=false
ADC1.IPParameters=Rank-0\#ChannelRegularConversion,Channel-0\#ChannelRegularConversion,SamplingTime-0\#ChannelRegularConversion,NbrOfConversionFlag,master,ExternalTrigConv
TIM1.Channel-Output\ Compare1\ No\ Output=TIM_CHANNEL_1
TIM1.OCMode_1=TIM_OCMODE_TOGGLE
ProjectManager.DefaultFWLocation=true
PB12.Locked=true
ProjectManager.DeletePrevious=true
PCC.Line=STM32F103
RCC.APB1CLKDivider=RCC_HCLK_DIV2
VP_SYS_VS_ND.Mode=No_Debug
USART2.BaudRate=9600
PA12.GPIO_Label=LED
RCC.FamilyName=M
PB9.GPIOParameters=GPIO_Label
RCC.ADCPresc=RCC_ADCPCLK2_DIV8
SH.GPXTI6.0=GPIO_EXTI6
PA3.Mode=Asynchronous
TIM1.AutoReloadPreload=TIM_AUTORELOAD_PRELOAD_ENABLE
SH.GPXTI6.ConfNb=1
PB8.GPIO_Label=BME280_SCL
PCC.Seq0.Step0.TaMax=100.66
Dma.ADC1.0.PeriphDataAlignment=DMA_PDATAALIGN_HALFWORD
PCC.MCU=STM32F103C(8-B)Tx
PA15.Locked=true
PA8.GPIO_Label=Eth_rst
PB11.Mode=I2C
ProjectManager.TargetToolchain=STM32CubeIDE
SPI2.CRCCalculation=SPI_CRCCALCULATION_DISABLE
PCC.Seq0.Step1.User's_Consumption=0 mA
Dma.ADC1.0.Mode=DMA_NORMAL
I2C1.I2C_Mode=I2C_Standard
PCC.Seq0.Step0.Mode=RUN
Dma.ADC1.0.Priority=DMA_PRIORITY_LOW
PB9.Mode=I2C
VP_TIM1_VS_ClockSourceINT.Signal=TIM1_VS_ClockSourceINT
SPI2.IPParameters=VirtualType,Mode,Direction,CalculateBaudRate,FirstBit,BaudRatePrescaler,DataSize,CRCCalculation,CLKPolarity,CLKPhase
ProjectManager.RegisterCallBack=
RCC.USBFreq_Value=64000000
PB12.GPIO_Speed=GPIO_SPEED_FREQ_HIGH
PB10.Signal=I2C2_SCL
PB14.Signal=SPI2_MISO
PA5.Signal=ADCx_IN5
board=custom
PCC.Temperature=25
ProjectManager.LastFirmware=true
PB15.Mode=Full_Duplex_Master
RCC.VCOOutput2Freq_Value=4000000
Dma.ADC1.0.RequestParameters=Instance,Direction,PeriphInc,MemInc,PeriphDataAlignment,MemDataAlignment,Mode,Priority
TIM1.TIM_MasterOutputTrigger=TIM_TRGO_OC1REF
RCC.APB2Freq_Value=64000000
PCC.Seq0.Step0.Frequency=8 MHz
PCC.Seq0.Step0.Vcore=No Scale
MxCube.Version=6.2.1
VP_SYS_VS_Systick.Mode=SysTick
VP_SYS_VS_ND.Signal=SYS_VS_ND
NVIC.NonMaskableInt_IRQn=true\:0\:0\:false\:false\:true\:false\:false
ProjectManager.FreePins=false
RCC.IPParameters=ADCFreqValue,ADCPresc,AHBFreq_Value,APB1CLKDivider,APB1Freq_Value,APB1TimFreq_Value,APB2Freq_Value,APB2TimFreq_Value,FCLKCortexFreq_Value,FamilyName,HCLKFreq_Value,HSEDivPLL,MCOFreq_Value,PLLCLKFreq_Value,PLLMCOFreq_Value,PLLMUL,SYSCLKFreq_VALUE,SYSCLKSource,TimSysFreq_Value,USBFreq_Value,VCOOutput2Freq_Value
IWDG.IPParameters=Prescaler
ProjectManager.AskForMigrate=true
Mcu.Name=STM32F103C(8-B)Tx
PA2.Signal=USART2_TX
ProjectManager.UnderRoot=true
Mcu.IP8=SYS
ADC1.ExternalTrigConv=ADC_SOFTWARE_START
Mcu.IP9=TIM1
Mcu.IP6=RCC
Mcu.IP7=SPI2
ProjectManager.CoupleFile=false
PCC.Seq0.Step0.Memory=FLASH
RCC.SYSCLKFreq_VALUE=64000000
RCC.TimSysFreq_Value=64000000
Mcu.Pin20=VP_TIM1_VS_ClockSourceINT
ADC1.master=1
Mcu.Pin21=VP_TIM1_VS_no_output1
PA5.GPIO_Label=FB
NVIC.ForceEnableDMAVector=false
KeepUserPlacement=false
RCC.HSEDivPLL=RCC_HSE_PREDIV_DIV2
NVIC.MemoryManagement_IRQn=true\:0\:0\:false\:false\:true\:false\:false
SPI2.FirstBit=SPI_FIRSTBIT_MSB
USART1.VirtualMode=VM_ASYNC
ProjectManager.CompilerOptimize=6
PA15.GPIO_Speed=GPIO_SPEED_FREQ_LOW
PB7.Mode=Asynchronous
VP_IWDG_VS_IWDG.Signal=IWDG_VS_IWDG
NVIC.EXTI9_5_IRQn=true\:0\:0\:false\:false\:true\:true\:true
Dma.ADC1.0.MemInc=DMA_MINC_DISABLE
ProjectManager.HeapSize=0x200
Mcu.Pin15=PB8
NVIC.HardFault_IRQn=true\:0\:0\:false\:false\:true\:false\:false
Mcu.Pin16=PB9
Mcu.Pin13=PB6
Mcu.Pin14=PB7
Mcu.Pin19=VP_SYS_VS_Systick
ProjectManager.ComputerToolchain=false
Mcu.Pin17=VP_IWDG_VS_IWDG
Mcu.Pin18=VP_SYS_VS_ND
PCC.Seq0.Step1.Frequency=0 Hz
SH.ADCx_IN5.0=ADC1_IN5,IN5
NVIC.PriorityGroup=NVIC_PRIORITYGROUP_4
ADC1.NbrOfConversionFlag=1
Mcu.Pin11=PA12
Mcu.Pin12=PA15
PB8.Mode=I2C
Mcu.Pin10=PA8
IWDG.Prescaler=IWDG_PRESCALER_128
PCC.Seq0.Step1.Peripherals=
PB8.Signal=I2C1_SCL
PA2.Mode=Asynchronous
SPI2.DataSize=SPI_DATASIZE_8BIT
PCC.Seq0.Step1.Vcore=No Scale
SH.ADCx_IN5.ConfNb=1
PCC.Seq0.Step1.Voltage_Source=Battery
NVIC.DMA1_Channel1_IRQn=true\:0\:0\:false\:false\:true\:true\:true
PCC.Seq0.Step0.Vdd=3.3
PCC.Seq0=2
RCC.APB1Freq_Value=32000000
ProjectManager.DeviceId=STM32F103C8Tx
PB12.GPIOParameters=GPIO_Speed,GPIO_Label
PB12.Signal=GPIO_Output
ProjectManager.LibraryCopy=1
PA6.Locked=true
isbadioc=false
